// !$*UTF8*$!
{
	archiveVersion = 1;
	classes = {
	};
	objectVersion = 56;
	objects = {

/* Begin PBXBuildFile section */
		331439162BA3758200683830 /* Dex3App.swift in Sources */ = {isa = PBXBuildFile; fileRef = 331439152BA3758200683830 /* Dex3App.swift */; };
		331439182BA3758200683830 /* ContentView.swift in Sources */ = {isa = PBXBuildFile; fileRef = 331439172BA3758200683830 /* ContentView.swift */; };
		3314391A2BA3758300683830 /* Assets.xcassets in Resources */ = {isa = PBXBuildFile; fileRef = 331439192BA3758300683830 /* Assets.xcassets */; };
		3314391D2BA3758300683830 /* Preview Assets.xcassets in Resources */ = {isa = PBXBuildFile; fileRef = 3314391C2BA3758300683830 /* Preview Assets.xcassets */; };
		3314391F2BA3758300683830 /* Persistence.swift in Sources */ = {isa = PBXBuildFile; fileRef = 3314391E2BA3758300683830 /* Persistence.swift */; };
		331439222BA3758300683830 /* Dex3.xcdatamodeld in Sources */ = {isa = PBXBuildFile; fileRef = 331439202BA3758300683830 /* Dex3.xcdatamodeld */; };
		3334F9202BA38A8900BA5588 /* TempPokemon.swift in Sources */ = {isa = PBXBuildFile; fileRef = 3334F91F2BA38A8900BA5588 /* TempPokemon.swift */; };
		3334F9222BA3961800BA5588 /* FetchController.swift in Sources */ = {isa = PBXBuildFile; fileRef = 3334F9212BA3961800BA5588 /* FetchController.swift */; };
		3334F9242BA3EEE000BA5588 /* PokemonViewModel.swift in Sources */ = {isa = PBXBuildFile; fileRef = 3334F9232BA3EEE000BA5588 /* PokemonViewModel.swift */; };
		3334F9262BA3F5FD00BA5588 /* PokemonDetail.swift in Sources */ = {isa = PBXBuildFile; fileRef = 3334F9252BA3F5FD00BA5588 /* PokemonDetail.swift */; };
		3334F9282BA3F7B200BA5588 /* SamplePokemon.swift in Sources */ = {isa = PBXBuildFile; fileRef = 3334F9272BA3F7B200BA5588 /* SamplePokemon.swift */; };
		3334F92A2BA3FD0500BA5588 /* Pokemon+Ext.swift in Sources */ = {isa = PBXBuildFile; fileRef = 3334F9292BA3FD0500BA5588 /* Pokemon+Ext.swift */; };
		3334F92C2BA400BD00BA5588 /* Stats.swift in Sources */ = {isa = PBXBuildFile; fileRef = 3334F92B2BA400BD00BA5588 /* Stats.swift */; };
		3334F92E2BA4765D00BA5588 /* FetchedImage.swift in Sources */ = {isa = PBXBuildFile; fileRef = 3334F92D2BA4765D00BA5588 /* FetchedImage.swift */; };
		3334F9302BA4783F00BA5588 /* WidgetPokemon.swift in Sources */ = {isa = PBXBuildFile; fileRef = 3334F92F2BA4783F00BA5588 /* WidgetPokemon.swift */; };
		3334F9382BA47C2900BA5588 /* WidgetKit.framework in Frameworks */ = {isa = PBXBuildFile; fileRef = 3334F9372BA47C2900BA5588 /* WidgetKit.framework */; };
		3334F93A2BA47C2900BA5588 /* SwiftUI.framework in Frameworks */ = {isa = PBXBuildFile; fileRef = 3334F9392BA47C2900BA5588 /* SwiftUI.framework */; };
		3334F93D2BA47C2900BA5588 /* Dex3WidgetBundle.swift in Sources */ = {isa = PBXBuildFile; fileRef = 3334F93C2BA47C2900BA5588 /* Dex3WidgetBundle.swift */; };
		3334F93F2BA47C2900BA5588 /* Dex3WidgetLiveActivity.swift in Sources */ = {isa = PBXBuildFile; fileRef = 3334F93E2BA47C2900BA5588 /* Dex3WidgetLiveActivity.swift */; };
		3334F9412BA47C2900BA5588 /* Dex3Widget.swift in Sources */ = {isa = PBXBuildFile; fileRef = 3334F9402BA47C2900BA5588 /* Dex3Widget.swift */; };
		3334F9432BA47C2900BA5588 /* AppIntent.swift in Sources */ = {isa = PBXBuildFile; fileRef = 3334F9422BA47C2900BA5588 /* AppIntent.swift */; };
		3334F9452BA47C2A00BA5588 /* Assets.xcassets in Resources */ = {isa = PBXBuildFile; fileRef = 3334F9442BA47C2A00BA5588 /* Assets.xcassets */; };
		3334F9492BA47C2A00BA5588 /* Dex3WidgetExtension.appex in Embed Foundation Extensions */ = {isa = PBXBuildFile; fileRef = 3334F9352BA47C2900BA5588 /* Dex3WidgetExtension.appex */; settings = {ATTRIBUTES = (RemoveHeadersOnCopy, ); }; };
		3334F94E2BA47CBA00BA5588 /* Assets.xcassets in Resources */ = {isa = PBXBuildFile; fileRef = 331439192BA3758300683830 /* Assets.xcassets */; };
		3334F94F2BA47CDC00BA5588 /* Dex3.xcdatamodeld in Sources */ = {isa = PBXBuildFile; fileRef = 331439202BA3758300683830 /* Dex3.xcdatamodeld */; };
		3334F9502BA47CE600BA5588 /* Persistence.swift in Sources */ = {isa = PBXBuildFile; fileRef = 3314391E2BA3758300683830 /* Persistence.swift */; };
		3334F9512BA47CEA00BA5588 /* SamplePokemon.swift in Sources */ = {isa = PBXBuildFile; fileRef = 3334F9272BA3F7B200BA5588 /* SamplePokemon.swift */; };
		3334F9522BA47CF200BA5588 /* WidgetPokemon.swift in Sources */ = {isa = PBXBuildFile; fileRef = 3334F92F2BA4783F00BA5588 /* WidgetPokemon.swift */; };
		3334F9532BA47CF200BA5588 /* FetchedImage.swift in Sources */ = {isa = PBXBuildFile; fileRef = 3334F92D2BA4765D00BA5588 /* FetchedImage.swift */; };
		3334F9562BA48B8D00BA5588 /* Pokemon+Ext.swift in Sources */ = {isa = PBXBuildFile; fileRef = 3334F9292BA3FD0500BA5588 /* Pokemon+Ext.swift */; };
/* End PBXBuildFile section */

/* Begin PBXContainerItemProxy section */
		3334F9472BA47C2A00BA5588 /* PBXContainerItemProxy */ = {
			isa = PBXContainerItemProxy;
			containerPortal = 3314390A2BA3758200683830 /* Project object */;
			proxyType = 1;
			remoteGlobalIDString = 3334F9342BA47C2900BA5588;
			remoteInfo = Dex3WidgetExtension;
		};
/* End PBXContainerItemProxy section */

/* Begin PBXCopyFilesBuildPhase section */
		3334F94D2BA47C2A00BA5588 /* Embed Foundation Extensions */ = {
			isa = PBXCopyFilesBuildPhase;
			buildActionMask = 2147483647;
			dstPath = "";
			dstSubfolderSpec = 13;
			files = (
				3334F9492BA47C2A00BA5588 /* Dex3WidgetExtension.appex in Embed Foundation Extensions */,
			);
			name = "Embed Foundation Extensions";
			runOnlyForDeploymentPostprocessing = 0;
		};
/* End PBXCopyFilesBuildPhase section */

/* Begin PBXFileReference section */
		331439122BA3758200683830 /* Dex3.app */ = {isa = PBXFileReference; explicitFileType = wrapper.application; includeInIndex = 0; path = Dex3.app; sourceTree = BUILT_PRODUCTS_DIR; };
		331439152BA3758200683830 /* Dex3App.swift */ = {isa = PBXFileReference; lastKnownFileType = sourcecode.swift; path = Dex3App.swift; sourceTree = "<group>"; };
		331439172BA3758200683830 /* ContentView.swift */ = {isa = PBXFileReference; lastKnownFileType = sourcecode.swift; path = ContentView.swift; sourceTree = "<group>"; };
		331439192BA3758300683830 /* Assets.xcassets */ = {isa = PBXFileReference; lastKnownFileType = folder.assetcatalog; path = Assets.xcassets; sourceTree = "<group>"; };
		3314391C2BA3758300683830 /* Preview Assets.xcassets */ = {isa = PBXFileReference; lastKnownFileType = folder.assetcatalog; path = "Preview Assets.xcassets"; sourceTree = "<group>"; };
		3314391E2BA3758300683830 /* Persistence.swift */ = {isa = PBXFileReference; lastKnownFileType = sourcecode.swift; path = Persistence.swift; sourceTree = "<group>"; };
		331439212BA3758300683830 /* Dex3.xcdatamodel */ = {isa = PBXFileReference; lastKnownFileType = wrapper.xcdatamodel; path = Dex3.xcdatamodel; sourceTree = "<group>"; };
		3334F91F2BA38A8900BA5588 /* TempPokemon.swift */ = {isa = PBXFileReference; lastKnownFileType = sourcecode.swift; path = TempPokemon.swift; sourceTree = "<group>"; };
		3334F9212BA3961800BA5588 /* FetchController.swift */ = {isa = PBXFileReference; lastKnownFileType = sourcecode.swift; path = FetchController.swift; sourceTree = "<group>"; };
		3334F9232BA3EEE000BA5588 /* PokemonViewModel.swift */ = {isa = PBXFileReference; lastKnownFileType = sourcecode.swift; path = PokemonViewModel.swift; sourceTree = "<group>"; };
		3334F9252BA3F5FD00BA5588 /* PokemonDetail.swift */ = {isa = PBXFileReference; lastKnownFileType = sourcecode.swift; path = PokemonDetail.swift; sourceTree = "<group>"; };
		3334F9272BA3F7B200BA5588 /* SamplePokemon.swift */ = {isa = PBXFileReference; lastKnownFileType = sourcecode.swift; path = SamplePokemon.swift; sourceTree = "<group>"; };
		3334F9292BA3FD0500BA5588 /* Pokemon+Ext.swift */ = {isa = PBXFileReference; lastKnownFileType = sourcecode.swift; path = "Pokemon+Ext.swift"; sourceTree = "<group>"; };
		3334F92B2BA400BD00BA5588 /* Stats.swift */ = {isa = PBXFileReference; lastKnownFileType = sourcecode.swift; path = Stats.swift; sourceTree = "<group>"; };
		3334F92D2BA4765D00BA5588 /* FetchedImage.swift */ = {isa = PBXFileReference; lastKnownFileType = sourcecode.swift; path = FetchedImage.swift; sourceTree = "<group>"; };
		3334F92F2BA4783F00BA5588 /* WidgetPokemon.swift */ = {isa = PBXFileReference; lastKnownFileType = sourcecode.swift; path = WidgetPokemon.swift; sourceTree = "<group>"; };
		3334F9352BA47C2900BA5588 /* Dex3WidgetExtension.appex */ = {isa = PBXFileReference; explicitFileType = "wrapper.app-extension"; includeInIndex = 0; path = Dex3WidgetExtension.appex; sourceTree = BUILT_PRODUCTS_DIR; };
		3334F9372BA47C2900BA5588 /* WidgetKit.framework */ = {isa = PBXFileReference; lastKnownFileType = wrapper.framework; name = WidgetKit.framework; path = System/Library/Frameworks/WidgetKit.framework; sourceTree = SDKROOT; };
		3334F9392BA47C2900BA5588 /* SwiftUI.framework */ = {isa = PBXFileReference; lastKnownFileType = wrapper.framework; name = SwiftUI.framework; path = System/Library/Frameworks/SwiftUI.framework; sourceTree = SDKROOT; };
		3334F93C2BA47C2900BA5588 /* Dex3WidgetBundle.swift */ = {isa = PBXFileReference; lastKnownFileType = sourcecode.swift; path = Dex3WidgetBundle.swift; sourceTree = "<group>"; };
		3334F93E2BA47C2900BA5588 /* Dex3WidgetLiveActivity.swift */ = {isa = PBXFileReference; lastKnownFileType = sourcecode.swift; path = Dex3WidgetLiveActivity.swift; sourceTree = "<group>"; };
		3334F9402BA47C2900BA5588 /* Dex3Widget.swift */ = {isa = PBXFileReference; lastKnownFileType = sourcecode.swift; path = Dex3Widget.swift; sourceTree = "<group>"; };
		3334F9422BA47C2900BA5588 /* AppIntent.swift */ = {isa = PBXFileReference; lastKnownFileType = sourcecode.swift; path = AppIntent.swift; sourceTree = "<group>"; };
		3334F9442BA47C2A00BA5588 /* Assets.xcassets */ = {isa = PBXFileReference; lastKnownFileType = folder.assetcatalog; path = Assets.xcassets; sourceTree = "<group>"; };
		3334F9462BA47C2A00BA5588 /* Info.plist */ = {isa = PBXFileReference; lastKnownFileType = text.plist.xml; path = Info.plist; sourceTree = "<group>"; };
		3334F9542BA4807900BA5588 /* Dex3.entitlements */ = {isa = PBXFileReference; lastKnownFileType = text.plist.entitlements; path = Dex3.entitlements; sourceTree = "<group>"; };
		3334F9552BA4811B00BA5588 /* Dex3WidgetExtension.entitlements */ = {isa = PBXFileReference; lastKnownFileType = text.plist.entitlements; path = Dex3WidgetExtension.entitlements; sourceTree = "<group>"; };
/* End PBXFileReference section */

/* Begin PBXFrameworksBuildPhase section */
		3314390F2BA3758200683830 /* Frameworks */ = {
			isa = PBXFrameworksBuildPhase;
			buildActionMask = 2147483647;
			files = (
			);
			runOnlyForDeploymentPostprocessing = 0;
		};
		3334F9322BA47C2900BA5588 /* Frameworks */ = {
			isa = PBXFrameworksBuildPhase;
			buildActionMask = 2147483647;
			files = (
				3334F93A2BA47C2900BA5588 /* SwiftUI.framework in Frameworks */,
				3334F9382BA47C2900BA5588 /* WidgetKit.framework in Frameworks */,
			);
			runOnlyForDeploymentPostprocessing = 0;
		};
/* End PBXFrameworksBuildPhase section */

/* Begin PBXGroup section */
		331439092BA3758200683830 = {
			isa = PBXGroup;
			children = (
				331439142BA3758200683830 /* Dex3 */,
				3334F93B2BA47C2900BA5588 /* Dex3Widget */,
				3334F9362BA47C2900BA5588 /* Frameworks */,
				331439132BA3758200683830 /* Products */,
			);
			sourceTree = "<group>";
		};
		331439132BA3758200683830 /* Products */ = {
			isa = PBXGroup;
			children = (
				331439122BA3758200683830 /* Dex3.app */,
				3334F9352BA47C2900BA5588 /* Dex3WidgetExtension.appex */,
			);
			name = Products;
			sourceTree = "<group>";
		};
		331439142BA3758200683830 /* Dex3 */ = {
			isa = PBXGroup;
			children = (
				3334F9542BA4807900BA5588 /* Dex3.entitlements */,
				331439152BA3758200683830 /* Dex3App.swift */,
				331439172BA3758200683830 /* ContentView.swift */,
				3334F9252BA3F5FD00BA5588 /* PokemonDetail.swift */,
				3334F92B2BA400BD00BA5588 /* Stats.swift */,
				3334F92F2BA4783F00BA5588 /* WidgetPokemon.swift */,
				3334F92D2BA4765D00BA5588 /* FetchedImage.swift */,
				3334F9272BA3F7B200BA5588 /* SamplePokemon.swift */,
				3334F91F2BA38A8900BA5588 /* TempPokemon.swift */,
				3334F9212BA3961800BA5588 /* FetchController.swift */,
				3334F9232BA3EEE000BA5588 /* PokemonViewModel.swift */,
				3314391E2BA3758300683830 /* Persistence.swift */,
				3334F9292BA3FD0500BA5588 /* Pokemon+Ext.swift */,
				331439202BA3758300683830 /* Dex3.xcdatamodeld */,
				331439192BA3758300683830 /* Assets.xcassets */,
				3314391B2BA3758300683830 /* Preview Content */,
			);
			path = Dex3;
			sourceTree = "<group>";
		};
		3314391B2BA3758300683830 /* Preview Content */ = {
			isa = PBXGroup;
			children = (
				3314391C2BA3758300683830 /* Preview Assets.xcassets */,
			);
			path = "Preview Content";
			sourceTree = "<group>";
		};
		3334F9362BA47C2900BA5588 /* Frameworks */ = {
			isa = PBXGroup;
			children = (
				3334F9372BA47C2900BA5588 /* WidgetKit.framework */,
				3334F9392BA47C2900BA5588 /* SwiftUI.framework */,
			);
			name = Frameworks;
			sourceTree = "<group>";
		};
		3334F93B2BA47C2900BA5588 /* Dex3Widget */ = {
			isa = PBXGroup;
			children = (
				3334F9552BA4811B00BA5588 /* Dex3WidgetExtension.entitlements */,
				3334F93C2BA47C2900BA5588 /* Dex3WidgetBundle.swift */,
				3334F93E2BA47C2900BA5588 /* Dex3WidgetLiveActivity.swift */,
				3334F9402BA47C2900BA5588 /* Dex3Widget.swift */,
				3334F9422BA47C2900BA5588 /* AppIntent.swift */,
				3334F9442BA47C2A00BA5588 /* Assets.xcassets */,
				3334F9462BA47C2A00BA5588 /* Info.plist */,
			);
			path = Dex3Widget;
			sourceTree = "<group>";
		};
/* End PBXGroup section */

/* Begin PBXNativeTarget section */
		331439112BA3758200683830 /* Dex3 */ = {
			isa = PBXNativeTarget;
			buildConfigurationList = 331439252BA3758300683830 /* Build configuration list for PBXNativeTarget "Dex3" */;
			buildPhases = (
				3314390E2BA3758200683830 /* Sources */,
				3314390F2BA3758200683830 /* Frameworks */,
				331439102BA3758200683830 /* Resources */,
				3334F94D2BA47C2A00BA5588 /* Embed Foundation Extensions */,
			);
			buildRules = (
			);
			dependencies = (
				3334F9482BA47C2A00BA5588 /* PBXTargetDependency */,
			);
			name = Dex3;
			productName = Dex3;
			productReference = 331439122BA3758200683830 /* Dex3.app */;
			productType = "com.apple.product-type.application";
		};
		3334F9342BA47C2900BA5588 /* Dex3WidgetExtension */ = {
			isa = PBXNativeTarget;
			buildConfigurationList = 3334F94A2BA47C2A00BA5588 /* Build configuration list for PBXNativeTarget "Dex3WidgetExtension" */;
			buildPhases = (
				3334F9312BA47C2900BA5588 /* Sources */,
				3334F9322BA47C2900BA5588 /* Frameworks */,
				3334F9332BA47C2900BA5588 /* Resources */,
			);
			buildRules = (
			);
			dependencies = (
			);
			name = Dex3WidgetExtension;
			productName = Dex3WidgetExtension;
			productReference = 3334F9352BA47C2900BA5588 /* Dex3WidgetExtension.appex */;
			productType = "com.apple.product-type.app-extension";
		};
/* End PBXNativeTarget section */

/* Begin PBXProject section */
		3314390A2BA3758200683830 /* Project object */ = {
			isa = PBXProject;
			attributes = {
				BuildIndependentTargetsInParallel = 1;
				LastSwiftUpdateCheck = 1530;
				LastUpgradeCheck = 1530;
				TargetAttributes = {
					331439112BA3758200683830 = {
						CreatedOnToolsVersion = 15.3;
					};
					3334F9342BA47C2900BA5588 = {
						CreatedOnToolsVersion = 15.3;
					};
				};
			};
			buildConfigurationList = 3314390D2BA3758200683830 /* Build configuration list for PBXProject "Dex3" */;
			compatibilityVersion = "Xcode 14.0";
			developmentRegion = en;
			hasScannedForEncodings = 0;
			knownRegions = (
				en,
				Base,
			);
			mainGroup = 331439092BA3758200683830;
			productRefGroup = 331439132BA3758200683830 /* Products */;
			projectDirPath = "";
			projectRoot = "";
			targets = (
				331439112BA3758200683830 /* Dex3 */,
				3334F9342BA47C2900BA5588 /* Dex3WidgetExtension */,
			);
		};
/* End PBXProject section */

/* Begin PBXResourcesBuildPhase section */
		331439102BA3758200683830 /* Resources */ = {
			isa = PBXResourcesBuildPhase;
			buildActionMask = 2147483647;
			files = (
				3314391D2BA3758300683830 /* Preview Assets.xcassets in Resources */,
				3314391A2BA3758300683830 /* Assets.xcassets in Resources */,
			);
			runOnlyForDeploymentPostprocessing = 0;
		};
		3334F9332BA47C2900BA5588 /* Resources */ = {
			isa = PBXResourcesBuildPhase;
			buildActionMask = 2147483647;
			files = (
				3334F94E2BA47CBA00BA5588 /* Assets.xcassets in Resources */,
				3334F9452BA47C2A00BA5588 /* Assets.xcassets in Resources */,
			);
			runOnlyForDeploymentPostprocessing = 0;
		};
/* End PBXResourcesBuildPhase section */

/* Begin PBXSourcesBuildPhase section */
		3314390E2BA3758200683830 /* Sources */ = {
			isa = PBXSourcesBuildPhase;
			buildActionMask = 2147483647;
			files = (
				3314391F2BA3758300683830 /* Persistence.swift in Sources */,
				3334F92C2BA400BD00BA5588 /* Stats.swift in Sources */,
				331439222BA3758300683830 /* Dex3.xcdatamodeld in Sources */,
				3334F9262BA3F5FD00BA5588 /* PokemonDetail.swift in Sources */,
				3334F9302BA4783F00BA5588 /* WidgetPokemon.swift in Sources */,
				3334F92A2BA3FD0500BA5588 /* Pokemon+Ext.swift in Sources */,
				3334F9222BA3961800BA5588 /* FetchController.swift in Sources */,
				3334F9282BA3F7B200BA5588 /* SamplePokemon.swift in Sources */,
				3334F9242BA3EEE000BA5588 /* PokemonViewModel.swift in Sources */,
				3334F9202BA38A8900BA5588 /* TempPokemon.swift in Sources */,
				331439182BA3758200683830 /* ContentView.swift in Sources */,
				331439162BA3758200683830 /* Dex3App.swift in Sources */,
				3334F92E2BA4765D00BA5588 /* FetchedImage.swift in Sources */,
			);
			runOnlyForDeploymentPostprocessing = 0;
		};
		3334F9312BA47C2900BA5588 /* Sources */ = {
			isa = PBXSourcesBuildPhase;
			buildActionMask = 2147483647;
			files = (
				3334F93F2BA47C2900BA5588 /* Dex3WidgetLiveActivity.swift in Sources */,
				3334F9432BA47C2900BA5588 /* AppIntent.swift in Sources */,
				3334F9412BA47C2900BA5588 /* Dex3Widget.swift in Sources */,
				3334F9562BA48B8D00BA5588 /* Pokemon+Ext.swift in Sources */,
				3334F9502BA47CE600BA5588 /* Persistence.swift in Sources */,
				3334F94F2BA47CDC00BA5588 /* Dex3.xcdatamodeld in Sources */,
				3334F9512BA47CEA00BA5588 /* SamplePokemon.swift in Sources */,
				3334F9522BA47CF200BA5588 /* WidgetPokemon.swift in Sources */,
				3334F9532BA47CF200BA5588 /* FetchedImage.swift in Sources */,
				3334F93D2BA47C2900BA5588 /* Dex3WidgetBundle.swift in Sources */,
			);
			runOnlyForDeploymentPostprocessing = 0;
		};
/* End PBXSourcesBuildPhase section */

/* Begin PBXTargetDependency section */
		3334F9482BA47C2A00BA5588 /* PBXTargetDependency */ = {
			isa = PBXTargetDependency;
			target = 3334F9342BA47C2900BA5588 /* Dex3WidgetExtension */;
			targetProxy = 3334F9472BA47C2A00BA5588 /* PBXContainerItemProxy */;
		};
/* End PBXTargetDependency section */

/* Begin XCBuildConfiguration section */
		331439232BA3758300683830 /* Debug */ = {
			isa = XCBuildConfiguration;
			buildSettings = {
				ALWAYS_SEARCH_USER_PATHS = NO;
				ASSETCATALOG_COMPILER_GENERATE_SWIFT_ASSET_SYMBOL_EXTENSIONS = YES;
				CLANG_ANALYZER_NONNULL = YES;
				CLANG_ANALYZER_NUMBER_OBJECT_CONVERSION = YES_AGGRESSIVE;
				CLANG_CXX_LANGUAGE_STANDARD = "gnu++20";
				CLANG_ENABLE_MODULES = YES;
				CLANG_ENABLE_OBJC_ARC = YES;
				CLANG_ENABLE_OBJC_WEAK = YES;
				CLANG_WARN_BLOCK_CAPTURE_AUTORELEASING = YES;
				CLANG_WARN_BOOL_CONVERSION = YES;
				CLANG_WARN_COMMA = YES;
				CLANG_WARN_CONSTANT_CONVERSION = YES;
				CLANG_WARN_DEPRECATED_OBJC_IMPLEMENTATIONS = YES;
				CLANG_WARN_DIRECT_OBJC_ISA_USAGE = YES_ERROR;
				CLANG_WARN_DOCUMENTATION_COMMENTS = YES;
				CLANG_WARN_EMPTY_BODY = YES;
				CLANG_WARN_ENUM_CONVERSION = YES;
				CLANG_WARN_INFINITE_RECURSION = YES;
				CLANG_WARN_INT_CONVERSION = YES;
				CLANG_WARN_NON_LITERAL_NULL_CONVERSION = YES;
				CLANG_WARN_OBJC_IMPLICIT_RETAIN_SELF = YES;
				CLANG_WARN_OBJC_LITERAL_CONVERSION = YES;
				CLANG_WARN_OBJC_ROOT_CLASS = YES_ERROR;
				CLANG_WARN_QUOTED_INCLUDE_IN_FRAMEWORK_HEADER = YES;
				CLANG_WARN_RANGE_LOOP_ANALYSIS = YES;
				CLANG_WARN_STRICT_PROTOTYPES = YES;
				CLANG_WARN_SUSPICIOUS_MOVE = YES;
				CLANG_WARN_UNGUARDED_AVAILABILITY = YES_AGGRESSIVE;
				CLANG_WARN_UNREACHABLE_CODE = YES;
				CLANG_WARN__DUPLICATE_METHOD_MATCH = YES;
				COPY_PHASE_STRIP = NO;
				DEBUG_INFORMATION_FORMAT = dwarf;
				ENABLE_STRICT_OBJC_MSGSEND = YES;
				ENABLE_TESTABILITY = YES;
				ENABLE_USER_SCRIPT_SANDBOXING = YES;
				GCC_C_LANGUAGE_STANDARD = gnu17;
				GCC_DYNAMIC_NO_PIC = NO;
				GCC_NO_COMMON_BLOCKS = YES;
				GCC_OPTIMIZATION_LEVEL = 0;
				GCC_PREPROCESSOR_DEFINITIONS = (
					"DEBUG=1",
					"$(inherited)",
				);
				GCC_WARN_64_TO_32_BIT_CONVERSION = YES;
				GCC_WARN_ABOUT_RETURN_TYPE = YES_ERROR;
				GCC_WARN_UNDECLARED_SELECTOR = YES;
				GCC_WARN_UNINITIALIZED_AUTOS = YES_AGGRESSIVE;
				GCC_WARN_UNUSED_FUNCTION = YES;
				GCC_WARN_UNUSED_VARIABLE = YES;
				IPHONEOS_DEPLOYMENT_TARGET = 17.4;
				LOCALIZATION_PREFERS_STRING_CATALOGS = YES;
				MTL_ENABLE_DEBUG_INFO = INCLUDE_SOURCE;
				MTL_FAST_MATH = YES;
				ONLY_ACTIVE_ARCH = YES;
				SDKROOT = iphoneos;
				SWIFT_ACTIVE_COMPILATION_CONDITIONS = "DEBUG $(inherited)";
				SWIFT_OPTIMIZATION_LEVEL = "-Onone";
			};
			name = Debug;
		};
		331439242BA3758300683830 /* Release */ = {
			isa = XCBuildConfiguration;
			buildSettings = {
				ALWAYS_SEARCH_USER_PATHS = NO;
				ASSETCATALOG_COMPILER_GENERATE_SWIFT_ASSET_SYMBOL_EXTENSIONS = YES;
				CLANG_ANALYZER_NONNULL = YES;
				CLANG_ANALYZER_NUMBER_OBJECT_CONVERSION = YES_AGGRESSIVE;
				CLANG_CXX_LANGUAGE_STANDARD = "gnu++20";
				CLANG_ENABLE_MODULES = YES;
				CLANG_ENABLE_OBJC_ARC = YES;
				CLANG_ENABLE_OBJC_WEAK = YES;
				CLANG_WARN_BLOCK_CAPTURE_AUTORELEASING = YES;
				CLANG_WARN_BOOL_CONVERSION = YES;
				CLANG_WARN_COMMA = YES;
				CLANG_WARN_CONSTANT_CONVERSION = YES;
				CLANG_WARN_DEPRECATED_OBJC_IMPLEMENTATIONS = YES;
				CLANG_WARN_DIRECT_OBJC_ISA_USAGE = YES_ERROR;
				CLANG_WARN_DOCUMENTATION_COMMENTS = YES;
				CLANG_WARN_EMPTY_BODY = YES;
				CLANG_WARN_ENUM_CONVERSION = YES;
				CLANG_WARN_INFINITE_RECURSION = YES;
				CLANG_WARN_INT_CONVERSION = YES;
				CLANG_WARN_NON_LITERAL_NULL_CONVERSION = YES;
				CLANG_WARN_OBJC_IMPLICIT_RETAIN_SELF = YES;
				CLANG_WARN_OBJC_LITERAL_CONVERSION = YES;
				CLANG_WARN_OBJC_ROOT_CLASS = YES_ERROR;
				CLANG_WARN_QUOTED_INCLUDE_IN_FRAMEWORK_HEADER = YES;
				CLANG_WARN_RANGE_LOOP_ANALYSIS = YES;
				CLANG_WARN_STRICT_PROTOTYPES = YES;
				CLANG_WARN_SUSPICIOUS_MOVE = YES;
				CLANG_WARN_UNGUARDED_AVAILABILITY = YES_AGGRESSIVE;
				CLANG_WARN_UNREACHABLE_CODE = YES;
				CLANG_WARN__DUPLICATE_METHOD_MATCH = YES;
				COPY_PHASE_STRIP = NO;
				DEBUG_INFORMATION_FORMAT = "dwarf-with-dsym";
				ENABLE_NS_ASSERTIONS = NO;
				ENABLE_STRICT_OBJC_MSGSEND = YES;
				ENABLE_USER_SCRIPT_SANDBOXING = YES;
				GCC_C_LANGUAGE_STANDARD = gnu17;
				GCC_NO_COMMON_BLOCKS = YES;
				GCC_WARN_64_TO_32_BIT_CONVERSION = YES;
				GCC_WARN_ABOUT_RETURN_TYPE = YES_ERROR;
				GCC_WARN_UNDECLARED_SELECTOR = YES;
				GCC_WARN_UNINITIALIZED_AUTOS = YES_AGGRESSIVE;
				GCC_WARN_UNUSED_FUNCTION = YES;
				GCC_WARN_UNUSED_VARIABLE = YES;
				IPHONEOS_DEPLOYMENT_TARGET = 17.4;
				LOCALIZATION_PREFERS_STRING_CATALOGS = YES;
				MTL_ENABLE_DEBUG_INFO = NO;
				MTL_FAST_MATH = YES;
				SDKROOT = iphoneos;
				SWIFT_COMPILATION_MODE = wholemodule;
				VALIDATE_PRODUCT = YES;
			};
			name = Release;
		};
		331439262BA3758300683830 /* Debug */ = {
			isa = XCBuildConfiguration;
			buildSettings = {
				ALWAYS_EMBED_SWIFT_STANDARD_LIBRARIES = YES;
				ASSETCATALOG_COMPILER_APPICON_NAME = AppIcon;
				ASSETCATALOG_COMPILER_GLOBAL_ACCENT_COLOR_NAME = AccentColor;
				CODE_SIGN_ENTITLEMENTS = Dex3/Dex3.entitlements;
				CODE_SIGN_STYLE = Automatic;
				CURRENT_PROJECT_VERSION = 1;
				DEVELOPMENT_ASSET_PATHS = "\"Dex3/Preview Content\"";
				DEVELOPMENT_TEAM = 9KUW2W36A2;
				ENABLE_PREVIEWS = YES;
				GENERATE_INFOPLIST_FILE = YES;
				INFOPLIST_KEY_CFBundleDisplayName = PokeDex;
				INFOPLIST_KEY_UIApplicationSceneManifest_Generation = YES;
				INFOPLIST_KEY_UIApplicationSupportsIndirectInputEvents = YES;
				INFOPLIST_KEY_UILaunchScreen_Generation = YES;
				INFOPLIST_KEY_UISupportedInterfaceOrientations_iPad = "UIInterfaceOrientationPortrait UIInterfaceOrientationPortraitUpsideDown UIInterfaceOrientationLandscapeLeft UIInterfaceOrientationLandscapeRight";
				INFOPLIST_KEY_UISupportedInterfaceOrientations_iPhone = "UIInterfaceOrientationPortrait UIInterfaceOrientationLandscapeLeft UIInterfaceOrientationLandscapeRight";
				LD_RUNPATH_SEARCH_PATHS = (
					"$(inherited)",
					"@executable_path/Frameworks",
				);
				MARKETING_VERSION = 1.0;
				PRODUCT_BUNDLE_IDENTIFIER = com.tutorial.Dex3;
				PRODUCT_NAME = "$(TARGET_NAME)";
				SWIFT_EMIT_LOC_STRINGS = YES;
				SWIFT_VERSION = 5.0;
				TARGETED_DEVICE_FAMILY = "1,2";
			};
			name = Debug;
		};
		331439272BA3758300683830 /* Release */ = {
			isa = XCBuildConfiguration;
			buildSettings = {
				ALWAYS_EMBED_SWIFT_STANDARD_LIBRARIES = YES;
				ASSETCATALOG_COMPILER_APPICON_NAME = AppIcon;
				ASSETCATALOG_COMPILER_GLOBAL_ACCENT_COLOR_NAME = AccentColor;
				CODE_SIGN_ENTITLEMENTS = Dex3/Dex3.entitlements;
				CODE_SIGN_STYLE = Automatic;
				CURRENT_PROJECT_VERSION = 1;
				DEVELOPMENT_ASSET_PATHS = "\"Dex3/Preview Content\"";
				DEVELOPMENT_TEAM = 9KUW2W36A2;
				ENABLE_PREVIEWS = YES;
				GENERATE_INFOPLIST_FILE = YES;
				INFOPLIST_KEY_CFBundleDisplayName = PokeDex;
				INFOPLIST_KEY_UIApplicationSceneManifest_Generation = YES;
				INFOPLIST_KEY_UIApplicationSupportsIndirectInputEvents = YES;
				INFOPLIST_KEY_UILaunchScreen_Generation = YES;
				INFOPLIST_KEY_UISupportedInterfaceOrientations_iPad = "UIInterfaceOrientationPortrait UIInterfaceOrientationPortraitUpsideDown UIInterfaceOrientationLandscapeLeft UIInterfaceOrientationLandscapeRight";
				INFOPLIST_KEY_UISupportedInterfaceOrientations_iPhone = "UIInterfaceOrientationPortrait UIInterfaceOrientationLandscapeLeft UIInterfaceOrientationLandscapeRight";
				LD_RUNPATH_SEARCH_PATHS = (
					"$(inherited)",
					"@executable_path/Frameworks",
				);
				MARKETING_VERSION = 1.0;
				PRODUCT_BUNDLE_IDENTIFIER = com.tutorial.Dex3;
				PRODUCT_NAME = "$(TARGET_NAME)";
				SWIFT_EMIT_LOC_STRINGS = YES;
				SWIFT_VERSION = 5.0;
				TARGETED_DEVICE_FAMILY = "1,2";
			};
			name = Release;
		};
		3334F94B2BA47C2A00BA5588 /* Debug */ = {
			isa = XCBuildConfiguration;
			buildSettings = {
				ASSETCATALOG_COMPILER_GLOBAL_ACCENT_COLOR_NAME = AccentColor;
				ASSETCATALOG_COMPILER_WIDGET_BACKGROUND_COLOR_NAME = WidgetBackground;
				CODE_SIGN_ENTITLEMENTS = Dex3Widget/Dex3WidgetExtension.entitlements;
				CODE_SIGN_STYLE = Automatic;
				CURRENT_PROJECT_VERSION = 1;
				DEVELOPMENT_TEAM = 9KUW2W36A2;
				GENERATE_INFOPLIST_FILE = YES;
				INFOPLIST_FILE = Dex3Widget/Info.plist;
				INFOPLIST_KEY_CFBundleDisplayName = Dex3Widget;
				INFOPLIST_KEY_NSHumanReadableCopyright = "";
				LD_RUNPATH_SEARCH_PATHS = (
					"$(inherited)",
					"@executable_path/Frameworks",
					"@executable_path/../../Frameworks",
				);
				MARKETING_VERSION = 1.0;
				PRODUCT_BUNDLE_IDENTIFIER = com.tutorial.Dex3.Dex3Widget;
				PRODUCT_NAME = "$(TARGET_NAME)";
				SKIP_INSTALL = YES;
				SWIFT_EMIT_LOC_STRINGS = YES;
				SWIFT_VERSION = 5.0;
				TARGETED_DEVICE_FAMILY = "1,2";
			};
			name = Debug;
		};
		3334F94C2BA47C2A00BA5588 /* Release */ = {
			isa = XCBuildConfiguration;
			buildSettings = {
				ASSETCATALOG_COMPILER_GLOBAL_ACCENT_COLOR_NAME = AccentColor;
				ASSETCATALOG_COMPILER_WIDGET_BACKGROUND_COLOR_NAME = WidgetBackground;
				CODE_SIGN_ENTITLEMENTS = Dex3Widget/Dex3WidgetExtension.entitlements;
				CODE_SIGN_STYLE = Automatic;
				CURRENT_PROJECT_VERSION = 1;
				DEVELOPMENT_TEAM = 9KUW2W36A2;
				GENERATE_INFOPLIST_FILE = YES;
				INFOPLIST_FILE = Dex3Widget/Info.plist;
				INFOPLIST_KEY_CFBundleDisplayName = Dex3Widget;
				INFOPLIST_KEY_NSHumanReadableCopyright = "";
				LD_RUNPATH_SEARCH_PATHS = (
					"$(inherited)",
					"@executable_path/Frameworks",
					"@executable_path/../../Frameworks",
				);
				MARKETING_VERSION = 1.0;
				PRODUCT_BUNDLE_IDENTIFIER = com.tutorial.Dex3.Dex3Widget;
				PRODUCT_NAME = "$(TARGET_NAME)";
				SKIP_INSTALL = YES;
				SWIFT_EMIT_LOC_STRINGS = YES;
				SWIFT_VERSION = 5.0;
				TARGETED_DEVICE_FAMILY = "1,2";
			};
			name = Release;
		};
/* End XCBuildConfiguration section */

/* Begin XCConfigurationList section */
		3314390D2BA3758200683830 /* Build configuration list for PBXProject "Dex3" */ = {
			isa = XCConfigurationList;
			buildConfigurations = (
				331439232BA3758300683830 /* Debug */,
				331439242BA3758300683830 /* Release */,
			);
			defaultConfigurationIsVisible = 0;
			defaultConfigurationName = Release;
		};
		331439252BA3758300683830 /* Build configuration list for PBXNativeTarget "Dex3" */ = {
			isa = XCConfigurationList;
			buildConfigurations = (
				331439262BA3758300683830 /* Debug */,
				331439272BA3758300683830 /* Release */,
			);
			defaultConfigurationIsVisible = 0;
			defaultConfigurationName = Release;
		};
		3334F94A2BA47C2A00BA5588 /* Build configuration list for PBXNativeTarget "Dex3WidgetExtension" */ = {
			isa = XCConfigurationList;
			buildConfigurations = (
				3334F94B2BA47C2A00BA5588 /* Debug */,
				3334F94C2BA47C2A00BA5588 /* Release */,
			);
			defaultConfigurationIsVisible = 0;
			defaultConfigurationName = Release;
		};
/* End XCConfigurationList section */

/* Begin XCVersionGroup section */
		331439202BA3758300683830 /* Dex3.xcdatamodeld */ = {
			isa = XCVersionGroup;
			children = (
				331439212BA3758300683830 /* Dex3.xcdatamodel */,
			);
			currentVersion = 331439212BA3758300683830 /* Dex3.xcdatamodel */;
			path = Dex3.xcdatamodeld;
			sourceTree = "<group>";
			versionGroupType = wrapper.xcdatamodel;
		};
/* End XCVersionGroup section */
	};
	rootObject = 3314390A2BA3758200683830 /* Project object */;
}
